[[package]]
name = "chardet"
version = "5.1.0"
description = "Universal encoding detector for Python 3"
category = "main"
optional = false
python-versions = ">=3.7"

[[package]]
name = "et-xmlfile"
version = "1.1.0"
description = "An implementation of lxml.xmlfile for the standard library"
category = "main"
optional = false
python-versions = ">=3.6"

[[package]]
name = "lml"
version = "0.1.0"
description = "Load me later. A lazy plugin management system."
category = "main"
optional = false
python-versions = "*"

[[package]]
name = "openpyxl"
version = "3.0.10"
description = "A Python library to read/write Excel 2010 xlsx/xlsm files"
category = "main"
optional = false
python-versions = ">=3.6"

[package.dependencies]
et-xmlfile = "*"

[[package]]
name = "pyexcel"
version = "0.7.0"
description = "A wrapper library that provides one API to read, manipulate and writedata in different excel formats"
category = "main"
optional = false
python-versions = ">=3.6"

[package.dependencies]
chardet = "*"
lml = ">=0.0.4"
pyexcel-io = ">=0.6.2"
texttable = ">=0.8.2"

[package.extras]
ods = ["pyexcel-ods3 (>=0.6.0)"]
xls = ["pyexcel-xls (>=0.6.0)"]
xlsx = ["pyexcel-xlsx (>=0.6.0)"]

[[package]]
name = "pyexcel-io"
version = "0.6.6"
description = "A python library to read and write structured data in csv, zipped csvformat and to/from databases"
category = "main"
optional = false
python-versions = ">=3.6"

[package.dependencies]
lml = ">=0.0.4"

[package.extras]
ods = ["pyexcel-ods3 (>=0.6.0)"]
xls = ["pyexcel-xls (>=0.6.0)"]
xlsx = ["pyexcel-xlsx (>=0.6.0)"]

[[package]]
name = "pyexcel-xlsx"
version = "0.6.0"
description = "A wrapper library to read, manipulate and write data in xlsx and xlsmformat"
category = "main"
optional = false
python-versions = ">=3.6"

[package.dependencies]
openpyxl = ">=2.6.1"
pyexcel-io = ">=0.6.2"

[[package]]
name = "pytz"
version = "2023.3"
description = "World timezone definitions, modern and historical"
category = "main"
optional = false
python-versions = "*"

[[package]]
name = "texttable"
version = "1.6.7"
description = "module to create simple ASCII tables"
category = "main"
optional = false
python-versions = "*"

[metadata]
lock-version = "1.1"
python-versions = "^3.10"
content-hash = "fc7058a0d0c2d25d3e6479e97749065798e1d9530bf8435b71a9ec50f5882970"

[metadata.files]
chardet = [
    {file = "chardet-5.1.0-py3-none-any.whl", hash = "sha256:362777fb014af596ad31334fde1e8c327dfdb076e1960d1694662d46a6917ab9"},
    {file = "chardet-5.1.0.tar.gz", hash = "sha256:0d62712b956bc154f85fb0a266e2a3c5913c2967e00348701b32411d6def31e5"},
]
et-xmlfile = [
    {file = "et_xmlfile-1.1.0-py3-none-any.whl", hash = "sha256:a2ba85d1d6a74ef63837eed693bcb89c3f752169b0e3e7ae5b16ca5e1b3deada"},
    {file = "et_xmlfile-1.1.0.tar.gz", hash = "sha256:8eb9e2bc2f8c97e37a2dc85a09ecdcdec9d8a396530a6d5a33b30b9a92da0c5c"},
]
lml = [
    {file = "lml-0.1.0-py2.py3-none-any.whl", hash = "sha256:ec06e850019942a485639c8c2a26bdb99eae24505bee7492b649df98a0bed101"},
    {file = "lml-0.1.0.tar.gz", hash = "sha256:57a085a29bb7991d70d41c6c3144c560a8e35b4c1030ffb36d85fa058773bcc5"},
]
openpyxl = [
    {file = "openpyxl-3.0.10-py2.py3-none-any.whl", hash = "sha256:0ab6d25d01799f97a9464630abacbb34aafecdcaa0ef3cba6d6b3499867d0355"},
    {file = "openpyxl-3.0.10.tar.gz", hash = "sha256:e47805627aebcf860edb4edf7987b1309c1b3632f3750538ed962bbcc3bd7449"},
]
pyexcel = [
    {file = "pyexcel-0.7.0-py2.py3-none-any.whl", hash = "sha256:ddc6904512bfa2ecda509fb3b58229bb30db14498632fd9e7a5ba7bbfb02ed1b"},
    {file = "pyexcel-0.7.0.tar.gz", hash = "sha256:fbf0eee5d93b96cef6f19a9f00703f22c0a64f19728d91b95428009a52129709"},
]
pyexcel-io = [
    {file = "pyexcel-io-0.6.6.tar.gz", hash = "sha256:f6084bf1afa5fbf4c61cf7df44370fa513821af188b02e3e19b5efb66d8a969f"},
    {file = "pyexcel_io-0.6.6-py2.py3-none-any.whl", hash = "sha256:19ff1d599a8a6c0982e4181ef86aa50e1f8d231410fa7e0e204d62e37551c1d6"},
]
pyexcel-xlsx = [
    {file = "pyexcel-xlsx-0.6.0.tar.gz", hash = "sha256:55754f764252461aca6871db203f4bd1370ec877828e305e6be1de5f9aa6a79d"},
    {file = "pyexcel_xlsx-0.6.0-py2.py3-none-any.whl", hash = "sha256:16530f96a77c97ebcba7941517d2756ac52d3ce2903d81eecd7f300778d5242a"},
]
pytz = [
    {file = "pytz-2023.3-py2.py3-none-any.whl", hash = "sha256:a151b3abb88eda1d4e34a9814df37de2a80e301e68ba0fd856fb9b46bfbbbffb"},
    {file = "pytz-2023.3.tar.gz", hash = "sha256:1d8ce29db189191fb55338ee6d0387d82ab59f3d00eac103412d64e0ebd0c588"},
]
texttable = [
    {file = "texttable-1.6.7-py2.py3-none-any.whl", hash = "sha256:b7b68139aa8a6339d2c320ca8b1dc42d13a7831a346b446cb9eb385f0c76310c"},
    {file = "texttable-1.6.7.tar.gz", hash = "sha256:290348fb67f7746931bcdfd55ac7584ecd4e5b0846ab164333f0794b121760f2"},
]
